
Microsoft Visual Studio Solution File, Format Version 12.00
# Visual Studio Version 17
VisualStudioVersion = 17.3.32901.215
MinimumVisualStudioVersion = 10.0.40219.1
Project("{8BC9CEB8-8B4A-11D0-8D11-00A0C91BC942}") = "xll_apop", "xll_apop.vcxproj", "{7AD4D46D-CDE3-45C6-B84A-39732A2CCA74}"
EndProject
Global
	GlobalSection(SolutionConfigurationPlatforms) = preSolution
		Debug|x64 = Debug|x64
		Debug|x86 = Debug|x86
		Release|x64 = Release|x64
		Release|x86 = Release|x86
	EndGlobalSection
	GlobalSection(ProjectConfigurationPlatforms) = postSolution
		{7AD4D46D-CDE3-45C6-B84A-39732A2CCA74}.Debug|x64.ActiveCfg = Debug|x64
		{7AD4D46D-CDE3-45C6-B84A-39732A2CCA74}.Debug|x64.Build.0 = Debug|x64
		{7AD4D46D-CDE3-45C6-B84A-39732A2CCA74}.Debug|x86.ActiveCfg = Debug|Win32
		{7AD4D46D-CDE3-45C6-B84A-39732A2CCA74}.Debug|x86.Build.0 = Debug|Win32
		{7AD4D46D-CDE3-45C6-B84A-39732A2CCA74}.Release|x64.ActiveCfg = Release|x64
		{7AD4D46D-CDE3-45C6-B84A-39732A2CCA74}.Release|x64.Build.0 = Release|x64
		{7AD4D46D-CDE3-45C6-B84A-39732A2CCA74}.Release|x86.ActiveCfg = Release|Win32
		{7AD4D46D-CDE3-45C6-B84A-39732A2CCA74}.Release|x86.Build.0 = Release|Win32
	EndGlobalSection
	GlobalSection(SolutionProperties) = preSolution
		HideSolutionNode = FALSE
	EndGlobalSection
	GlobalSection(ExtensibilityGlobals) = postSolution
		SolutionGuid = {17728E5C-B6F9-444F-AC09-D2AA81A5AC34}
	EndGlobalSection
EndGlobal
